
Microsoft Visual Studio Solution File, Format Version 12.00
# Visual Studio Version 16
VisualStudioVersion = 16.0.31129.286
MinimumVisualStudioVersion = 10.0.40219.1
Project("{9A19103F-16F7-4668-BE54-9A1E7A4F7556}") = "StateMachine", "src\StateMachine\StateMachine.csproj", "{6AE96DD7-D507-47D7-A88A-F10291C7E9C3}"
EndProject
Project("{9A19103F-16F7-4668-BE54-9A1E7A4F7556}") = "StateMachine.Tests", "test\StateMachine.Tests\StateMachine.Tests.csproj", "{9573322C-99C7-4F69-A3A5-B55F49C59F9D}"
EndProject
Project("{2150E333-8FDC-42A3-9474-1A3956D46DE8}") = "Solution Items", "Solution Items", "{54B64F7E-DF8D-4132-9960-A904B173B32F}"
	ProjectSection(SolutionItems) = preProject
		.editorconfig = .editorconfig
	EndProjectSection
EndProject
Global
	GlobalSection(SolutionConfigurationPlatforms) = preSolution
		Debug|Any CPU = Debug|Any CPU
		Release|Any CPU = Release|Any CPU
	EndGlobalSection
	GlobalSection(ProjectConfigurationPlatforms) = postSolution
		{6AE96DD7-D507-47D7-A88A-F10291C7E9C3}.Debug|Any CPU.ActiveCfg = Debug|Any CPU
		{6AE96DD7-D507-47D7-A88A-F10291C7E9C3}.Debug|Any CPU.Build.0 = Debug|Any CPU
		{6AE96DD7-D507-47D7-A88A-F10291C7E9C3}.Release|Any CPU.ActiveCfg = Release|Any CPU
		{6AE96DD7-D507-47D7-A88A-F10291C7E9C3}.Release|Any CPU.Build.0 = Release|Any CPU
		{9573322C-99C7-4F69-A3A5-B55F49C59F9D}.Debug|Any CPU.ActiveCfg = Debug|Any CPU
		{9573322C-99C7-4F69-A3A5-B55F49C59F9D}.Debug|Any CPU.Build.0 = Debug|Any CPU
		{9573322C-99C7-4F69-A3A5-B55F49C59F9D}.Release|Any CPU.ActiveCfg = Release|Any CPU
		{9573322C-99C7-4F69-A3A5-B55F49C59F9D}.Release|Any CPU.Build.0 = Release|Any CPU
	EndGlobalSection
	GlobalSection(SolutionProperties) = preSolution
		HideSolutionNode = FALSE
	EndGlobalSection
	GlobalSection(ExtensibilityGlobals) = postSolution
		SolutionGuid = {E8728D83-E130-43EA-A6E0-E1C361719691}
	EndGlobalSection
EndGlobal
